
Microsoft Visual Studio Solution File, Format Version 12.00
# Visual Studio Version 16
VisualStudioVersion = 16.0.30413.136
MinimumVisualStudioVersion = 10.0.40219.1
Project("{FAE04EC0-301F-11D3-BF4B-00C04F79EFBC}") = "OptimationTechnicalTest", "OptimationTechnicalTest\OptimationTechnicalTest.csproj", "{66C5826C-54A4-4FE0-ADD0-D58834B635BF}"
EndProject
Project("{FAE04EC0-301F-11D3-BF4B-00C04F79EFBC}") = "OptimationTechnicalTestUnitTests", "OptimationTechnicalTestUnitTests\OptimationTechnicalTestUnitTests.csproj", "{34E350FA-7A47-4CD7-89CB-301B38BC59E2}"
EndProject
Global
	GlobalSection(SolutionConfigurationPlatforms) = preSolution
		Debug|Any CPU = Debug|Any CPU
		Release|Any CPU = Release|Any CPU
	EndGlobalSection
	GlobalSection(ProjectConfigurationPlatforms) = postSolution
		{66C5826C-54A4-4FE0-ADD0-D58834B635BF}.Debug|Any CPU.ActiveCfg = Debug|Any CPU
		{66C5826C-54A4-4FE0-ADD0-D58834B635BF}.Debug|Any CPU.Build.0 = Debug|Any CPU
		{66C5826C-54A4-4FE0-ADD0-D58834B635BF}.Release|Any CPU.ActiveCfg = Release|Any CPU
		{66C5826C-54A4-4FE0-ADD0-D58834B635BF}.Release|Any CPU.Build.0 = Release|Any CPU
		{34E350FA-7A47-4CD7-89CB-301B38BC59E2}.Debug|Any CPU.ActiveCfg = Debug|Any CPU
		{34E350FA-7A47-4CD7-89CB-301B38BC59E2}.Debug|Any CPU.Build.0 = Debug|Any CPU
		{34E350FA-7A47-4CD7-89CB-301B38BC59E2}.Release|Any CPU.ActiveCfg = Release|Any CPU
		{34E350FA-7A47-4CD7-89CB-301B38BC59E2}.Release|Any CPU.Build.0 = Release|Any CPU
	EndGlobalSection
	GlobalSection(SolutionProperties) = preSolution
		HideSolutionNode = FALSE
	EndGlobalSection
	GlobalSection(ExtensibilityGlobals) = postSolution
		SolutionGuid = {A51428AC-3113-416A-B345-9C6686DADB2F}
	EndGlobalSection
EndGlobal
